
Microsoft Visual Studio Solution File, Format Version 12.00
# Visual Studio Version 16
VisualStudioVersion = 16.0.29609.76
MinimumVisualStudioVersion = 10.0.40219.1
Project("{FAE04EC0-301F-11D3-BF4B-00C04F79EFBC}") = "Bcc.Pledg", "Bcc.Pledg\Bcc.Pledg.csproj", "{D70592B4-55C9-43EB-BC5C-CCF89390091F}"
EndProject
Global
	GlobalSection(SolutionConfigurationPlatforms) = preSolution
		Debug|Any CPU = Debug|Any CPU
		Release|Any CPU = Release|Any CPU
	EndGlobalSection
	GlobalSection(ProjectConfigurationPlatforms) = postSolution
		{D70592B4-55C9-43EB-BC5C-CCF89390091F}.Debug|Any CPU.ActiveCfg = Debug|Any CPU
		{D70592B4-55C9-43EB-BC5C-CCF89390091F}.Debug|Any CPU.Build.0 = Debug|Any CPU
		{D70592B4-55C9-43EB-BC5C-CCF89390091F}.Release|Any CPU.ActiveCfg = Release|Any CPU
		{D70592B4-55C9-43EB-BC5C-CCF89390091F}.Release|Any CPU.Build.0 = Release|Any CPU
	EndGlobalSection
	GlobalSection(SolutionProperties) = preSolution
		HideSolutionNode = FALSE
	EndGlobalSection
	GlobalSection(ExtensibilityGlobals) = postSolution
		SolutionGuid = {C5C725AE-27A5-4C9D-939E-BA5EC386875E}
	EndGlobalSection
EndGlobal
